
Microsoft Visual Studio Solution File, Format Version 12.00
# Visual Studio Version 17
VisualStudioVersion = 17.3.32825.248
MinimumVisualStudioVersion = 10.0.40219.1
Project("{FAE04EC0-301F-11D3-BF4B-00C04F79EFBC}") = "PESemana2", "PESemana2\PESemana2.csproj", "{A635C54E-D0C5-49A1-B00B-19C560B8E9DC}"
EndProject
Project("{FAE04EC0-301F-11D3-BF4B-00C04F79EFBC}") = "AnalsisDeCasoS2", "AnalsisDeCasoS2\AnalsisDeCasoS2.csproj", "{EAF849FA-4201-4F83-AD95-966E8C8A05F6}"
EndProject
Global
	GlobalSection(SolutionConfigurationPlatforms) = preSolution
		Debug|Any CPU = Debug|Any CPU
		Release|Any CPU = Release|Any CPU
	EndGlobalSection
	GlobalSection(ProjectConfigurationPlatforms) = postSolution
		{A635C54E-D0C5-49A1-B00B-19C560B8E9DC}.Debug|Any CPU.ActiveCfg = Debug|Any CPU
		{A635C54E-D0C5-49A1-B00B-19C560B8E9DC}.Debug|Any CPU.Build.0 = Debug|Any CPU
		{A635C54E-D0C5-49A1-B00B-19C560B8E9DC}.Release|Any CPU.ActiveCfg = Release|Any CPU
		{A635C54E-D0C5-49A1-B00B-19C560B8E9DC}.Release|Any CPU.Build.0 = Release|Any CPU
		{EAF849FA-4201-4F83-AD95-966E8C8A05F6}.Debug|Any CPU.ActiveCfg = Debug|Any CPU
		{EAF849FA-4201-4F83-AD95-966E8C8A05F6}.Debug|Any CPU.Build.0 = Debug|Any CPU
		{EAF849FA-4201-4F83-AD95-966E8C8A05F6}.Release|Any CPU.ActiveCfg = Release|Any CPU
		{EAF849FA-4201-4F83-AD95-966E8C8A05F6}.Release|Any CPU.Build.0 = Release|Any CPU
	EndGlobalSection
	GlobalSection(SolutionProperties) = preSolution
		HideSolutionNode = FALSE
	EndGlobalSection
	GlobalSection(ExtensibilityGlobals) = postSolution
		SolutionGuid = {2DA31031-0D35-4ADF-9B45-9EC8C073C11C}
	EndGlobalSection
EndGlobal
